{
  "version": 4,
  "terraform_version": "0.15.0",
  "serial": 22,
  "lineage": "be21a2b5-b484-a021-ec85-7bd7de4c1609",
  "outputs": {
    "nat_gateway": {
      "value": [
        {
          "allocation_id": "eipalloc-03953347dc1ba0041",
          "id": "nat-074ff54111c35589b",
          "network_interface_id": "eni-065c006e00cf4ca7a",
          "private_ip": "10.0.2.186",
          "public_ip": "18.219.138.69",
          "subnet_id": "subnet-09c0d9aaf94677d6e",
          "tags": {
            "Module": ".",
            "Name": "terraform-aws-vpc-public-private",
            "Workspace": "default"
          },
          "tags_all": {
            "Module": ".",
            "Name": "terraform-aws-vpc-public-private",
            "Workspace": "default"
          }
        }
      ],
      "type": [
        "tuple",
        [
          [
            "object",
            {
              "allocation_id": "string",
              "id": "string",
              "network_interface_id": "string",
              "private_ip": "string",
              "public_ip": "string",
              "subnet_id": "string",
              "tags": [
                "map",
                "string"
              ],
              "tags_all": [
                "map",
                "string"
              ]
            }
          ]
        ]
      ]
    },
    "subnets": {
      "value": {
        "private": [
          {
            "arn": "arn:aws:ec2:us-east-2:440766640997:subnet/subnet-034b44b954fde4e00",
            "assign_ipv6_address_on_creation": false,
            "availability_zone": "us-east-2a",
            "availability_zone_id": "use2-az1",
            "cidr_block": "10.0.32.0/20",
            "customer_owned_ipv4_pool": "",
            "id": "subnet-034b44b954fde4e00",
            "ipv6_cidr_block": "",
            "ipv6_cidr_block_association_id": "",
            "map_customer_owned_ip_on_launch": false,
            "map_public_ip_on_launch": false,
            "outpost_arn": "",
            "owner_id": "440766640997",
            "tags": {
              "Module": ".",
              "Name": "terraform-aws-vpc-public-private",
              "Network": "NAT",
              "SubnetType": "private",
              "Workspace": "default"
            },
            "tags_all": {
              "Module": ".",
              "Name": "terraform-aws-vpc-public-private",
              "Network": "NAT",
              "SubnetType": "private",
              "Workspace": "default"
            },
            "timeouts": null,
            "vpc_id": "vpc-01c49cf9c1043c4cf"
          },
          {
            "arn": "arn:aws:ec2:us-east-2:440766640997:subnet/subnet-081a3f32a5c75d646",
            "assign_ipv6_address_on_creation": false,
            "availability_zone": "us-east-2b",
            "availability_zone_id": "use2-az2",
            "cidr_block": "10.0.48.0/20",
            "customer_owned_ipv4_pool": "",
            "id": "subnet-081a3f32a5c75d646",
            "ipv6_cidr_block": "",
            "ipv6_cidr_block_association_id": "",
            "map_customer_owned_ip_on_launch": false,
            "map_public_ip_on_launch": false,
            "outpost_arn": "",
            "owner_id": "440766640997",
            "tags": {
              "Module": ".",
              "Name": "terraform-aws-vpc-public-private",
              "Network": "NAT",
              "SubnetType": "private",
              "Workspace": "default"
            },
            "tags_all": {
              "Module": ".",
              "Name": "terraform-aws-vpc-public-private",
              "Network": "NAT",
              "SubnetType": "private",
              "Workspace": "default"
            },
            "timeouts": null,
            "vpc_id": "vpc-01c49cf9c1043c4cf"
          }
        ],
        "public": [
          {
            "arn": "arn:aws:ec2:us-east-2:440766640997:subnet/subnet-09c0d9aaf94677d6e",
            "assign_ipv6_address_on_creation": false,
            "availability_zone": "us-east-2a",
            "availability_zone_id": "use2-az1",
            "cidr_block": "10.0.0.0/20",
            "customer_owned_ipv4_pool": "",
            "id": "subnet-09c0d9aaf94677d6e",
            "ipv6_cidr_block": "",
            "ipv6_cidr_block_association_id": "",
            "map_customer_owned_ip_on_launch": false,
            "map_public_ip_on_launch": true,
            "outpost_arn": "",
            "owner_id": "440766640997",
            "tags": {
              "Module": ".",
              "Name": "terraform-aws-vpc-public-private",
              "SubnetType": "public",
              "Workspace": "default"
            },
            "tags_all": {
              "Module": ".",
              "Name": "terraform-aws-vpc-public-private",
              "SubnetType": "public",
              "Workspace": "default"
            },
            "timeouts": null,
            "vpc_id": "vpc-01c49cf9c1043c4cf"
          },
          {
            "arn": "arn:aws:ec2:us-east-2:440766640997:subnet/subnet-02b54f26f69a89600",
            "assign_ipv6_address_on_creation": false,
            "availability_zone": "us-east-2b",
            "availability_zone_id": "use2-az2",
            "cidr_block": "10.0.16.0/20",
            "customer_owned_ipv4_pool": "",
            "id": "subnet-02b54f26f69a89600",
            "ipv6_cidr_block": "",
            "ipv6_cidr_block_association_id": "",
            "map_customer_owned_ip_on_launch": false,
            "map_public_ip_on_launch": true,
            "outpost_arn": "",
            "owner_id": "440766640997",
            "tags": {
              "Module": ".",
              "Name": "terraform-aws-vpc-public-private",
              "SubnetType": "public",
              "Workspace": "default"
            },
            "tags_all": {
              "Module": ".",
              "Name": "terraform-aws-vpc-public-private",
              "SubnetType": "public",
              "Workspace": "default"
            },
            "timeouts": null,
            "vpc_id": "vpc-01c49cf9c1043c4cf"
          }
        ]
      },
      "type": [
        "object",
        {
          "private": [
            "tuple",
            [
              [
                "object",
                {
                  "arn": "string",
                  "assign_ipv6_address_on_creation": "bool",
                  "availability_zone": "string",
                  "availability_zone_id": "string",
                  "cidr_block": "string",
                  "customer_owned_ipv4_pool": "string",
                  "id": "string",
                  "ipv6_cidr_block": "string",
                  "ipv6_cidr_block_association_id": "string",
                  "map_customer_owned_ip_on_launch": "bool",
                  "map_public_ip_on_launch": "bool",
                  "outpost_arn": "string",
                  "owner_id": "string",
                  "tags": [
                    "map",
                    "string"
                  ],
                  "tags_all": [
                    "map",
                    "string"
                  ],
                  "timeouts": [
                    "object",
                    {
                      "create": "string",
                      "delete": "string"
                    }
                  ],
                  "vpc_id": "string"
                }
              ],
              [
                "object",
                {
                  "arn": "string",
                  "assign_ipv6_address_on_creation": "bool",
                  "availability_zone": "string",
                  "availability_zone_id": "string",
                  "cidr_block": "string",
                  "customer_owned_ipv4_pool": "string",
                  "id": "string",
                  "ipv6_cidr_block": "string",
                  "ipv6_cidr_block_association_id": "string",
                  "map_customer_owned_ip_on_launch": "bool",
                  "map_public_ip_on_launch": "bool",
                  "outpost_arn": "string",
                  "owner_id": "string",
                  "tags": [
                    "map",
                    "string"
                  ],
                  "tags_all": [
                    "map",
                    "string"
                  ],
                  "timeouts": [
                    "object",
                    {
                      "create": "string",
                      "delete": "string"
                    }
                  ],
                  "vpc_id": "string"
                }
              ]
            ]
          ],
          "public": [
            "tuple",
            [
              [
                "object",
                {
                  "arn": "string",
                  "assign_ipv6_address_on_creation": "bool",
                  "availability_zone": "string",
                  "availability_zone_id": "string",
                  "cidr_block": "string",
                  "customer_owned_ipv4_pool": "string",
                  "id": "string",
                  "ipv6_cidr_block": "string",
                  "ipv6_cidr_block_association_id": "string",
                  "map_customer_owned_ip_on_launch": "bool",
                  "map_public_ip_on_launch": "bool",
                  "outpost_arn": "string",
                  "owner_id": "string",
                  "tags": [
                    "map",
                    "string"
                  ],
                  "tags_all": [
                    "map",
                    "string"
                  ],
                  "timeouts": [
                    "object",
                    {
                      "create": "string",
                      "delete": "string"
                    }
                  ],
                  "vpc_id": "string"
                }
              ],
              [
                "object",
                {
                  "arn": "string",
                  "assign_ipv6_address_on_creation": "bool",
                  "availability_zone": "string",
                  "availability_zone_id": "string",
                  "cidr_block": "string",
                  "customer_owned_ipv4_pool": "string",
                  "id": "string",
                  "ipv6_cidr_block": "string",
                  "ipv6_cidr_block_association_id": "string",
                  "map_customer_owned_ip_on_launch": "bool",
                  "map_public_ip_on_launch": "bool",
                  "outpost_arn": "string",
                  "owner_id": "string",
                  "tags": [
                    "map",
                    "string"
                  ],
                  "tags_all": [
                    "map",
                    "string"
                  ],
                  "timeouts": [
                    "object",
                    {
                      "create": "string",
                      "delete": "string"
                    }
                  ],
                  "vpc_id": "string"
                }
              ]
            ]
          ]
        }
      ]
    },
    "vpc": {
      "value": {
        "arn": "arn:aws:ec2:us-east-2:440766640997:vpc/vpc-01c49cf9c1043c4cf",
        "assign_generated_ipv6_cidr_block": false,
        "cidr_block": "10.0.0.0/16",
        "default_network_acl_id": "acl-0eeaef81748ebfb0e",
        "default_route_table_id": "rtb-03e2941777df5c914",
        "default_security_group_id": "sg-005204361109c6a11",
        "dhcp_options_id": "dopt-b1f395da",
        "enable_classiclink": null,
        "enable_classiclink_dns_support": null,
        "enable_dns_hostnames": true,
        "enable_dns_support": true,
        "id": "vpc-01c49cf9c1043c4cf",
        "instance_tenancy": "default",
        "ipv6_association_id": "",
        "ipv6_cidr_block": "",
        "main_route_table_id": "rtb-03e2941777df5c914",
        "owner_id": "440766640997",
        "tags": {
          "Module": ".",
          "Name": "terraform-aws-vpc-public-private",
          "Workspace": "default"
        },
        "tags_all": {
          "Module": ".",
          "Name": "terraform-aws-vpc-public-private",
          "Workspace": "default"
        }
      },
      "type": [
        "object",
        {
          "arn": "string",
          "assign_generated_ipv6_cidr_block": "bool",
          "cidr_block": "string",
          "default_network_acl_id": "string",
          "default_route_table_id": "string",
          "default_security_group_id": "string",
          "dhcp_options_id": "string",
          "enable_classiclink": "bool",
          "enable_classiclink_dns_support": "bool",
          "enable_dns_hostnames": "bool",
          "enable_dns_support": "bool",
          "id": "string",
          "instance_tenancy": "string",
          "ipv6_association_id": "string",
          "ipv6_cidr_block": "string",
          "main_route_table_id": "string",
          "owner_id": "string",
          "tags": [
            "map",
            "string"
          ],
          "tags_all": [
            "map",
            "string"
          ]
        }
      ]
    }
  },
  "resources": [
    {
      "mode": "data",
      "type": "aws_availability_zones",
      "name": "this",
      "provider": "provider[\"registry.terraform.io/hashicorp/aws\"]",
      "instances": [
        {
          "schema_version": 0,
          "attributes": {
            "all_availability_zones": null,
            "exclude_names": null,
            "exclude_zone_ids": null,
            "filter": null,
            "group_names": [
              "us-east-2"
            ],
            "id": "us-east-2",
            "names": [
              "us-east-2a",
              "us-east-2b",
              "us-east-2c"
            ],
            "state": "available",
            "zone_ids": [
              "use2-az1",
              "use2-az2",
              "use2-az3"
            ]
          },
          "sensitive_attributes": []
        }
      ]
    },
    {
      "mode": "data",
      "type": "aws_iam_policy_document",
      "name": "role",
      "provider": "provider[\"registry.terraform.io/hashicorp/aws\"]",
      "instances": [
        {
          "schema_version": 0,
          "attributes": {
            "id": "3760307347",
            "json": "{\n  \"Version\": \"2012-10-17\",\n  \"Statement\": [\n    {\n      \"Sid\": \"\",\n      \"Effect\": \"Allow\",\n      \"Action\": \"sts:AssumeRole\",\n      \"Principal\": {\n        \"Service\": \"vpc-flow-logs.amazonaws.com\"\n      }\n    }\n  ]\n}",
            "override_json": null,
            "override_policy_documents": null,
            "policy_id": null,
            "source_json": null,
            "source_policy_documents": null,
            "statement": [
              {
                "actions": [
                  "sts:AssumeRole"
                ],
                "condition": [],
                "effect": "Allow",
                "not_actions": [],
                "not_principals": [],
                "not_resources": [],
                "principals": [
                  {
                    "identifiers": [
                      "vpc-flow-logs.amazonaws.com"
                    ],
                    "type": "Service"
                  }
                ],
                "resources": [],
                "sid": ""
              }
            ],
            "version": "2012-10-17"
          },
          "sensitive_attributes": []
        }
      ]
    },
    {
      "mode": "data",
      "type": "aws_iam_policy_document",
      "name": "role_policy_cloudwatch",
      "provider": "provider[\"registry.terraform.io/hashicorp/aws\"]",
      "instances": [
        {
          "schema_version": 0,
          "attributes": {
            "id": "3442509011",
            "json": "{\n  \"Version\": \"2012-10-17\",\n  \"Statement\": [\n    {\n      \"Sid\": \"\",\n      \"Effect\": \"Allow\",\n      \"Action\": [\n        \"logs:PutLogEvents\",\n        \"logs:DescribeLogStreams\",\n        \"logs:DescribeLogGroups\",\n        \"logs:CreateLogStream\",\n        \"logs:CreateLogGroup\"\n      ],\n      \"Resource\": \"*\"\n    }\n  ]\n}",
            "override_json": null,
            "override_policy_documents": null,
            "policy_id": null,
            "source_json": null,
            "source_policy_documents": null,
            "statement": [
              {
                "actions": [
                  "logs:CreateLogGroup",
                  "logs:CreateLogStream",
                  "logs:DescribeLogGroups",
                  "logs:DescribeLogStreams",
                  "logs:PutLogEvents"
                ],
                "condition": [],
                "effect": "Allow",
                "not_actions": [],
                "not_principals": [],
                "not_resources": [],
                "principals": [],
                "resources": [
                  "*"
                ],
                "sid": ""
              }
            ],
            "version": "2012-10-17"
          },
          "sensitive_attributes": []
        }
      ]
    },
    {
      "mode": "managed",
      "type": "aws_cloudwatch_log_group",
      "name": "this",
      "provider": "provider[\"registry.terraform.io/hashicorp/aws\"]",
      "instances": [
        {
          "index_key": 0,
          "schema_version": 0,
          "attributes": {
            "arn": "arn:aws:logs:us-east-2:440766640997:log-group:terraform-aws-vpc-public-private-flow-log-8e",
            "id": "terraform-aws-vpc-public-private-flow-log-8e",
            "kms_key_id": "",
            "name": "terraform-aws-vpc-public-private-flow-log-8e",
            "name_prefix": null,
            "retention_in_days": 14,
            "tags": {
              "Module": ".",
              "Name": "terraform-aws-vpc-public-private",
              "Workspace": "default"
            },
            "tags_all": {
              "Module": ".",
              "Name": "terraform-aws-vpc-public-private",
              "Workspace": "default"
            }
          },
          "sensitive_attributes": [],
          "private": "bnVsbA==",
          "dependencies": [
            "random_id.this"
          ],
          "create_before_destroy": true
        }
      ]
    },
    {
      "mode": "managed",
      "type": "aws_eip",
      "name": "nat",
      "provider": "provider[\"registry.terraform.io/hashicorp/aws\"]",
      "instances": [
        {
          "index_key": 0,
          "schema_version": 0,
          "attributes": {
            "address": null,
            "allocation_id": null,
            "associate_with_private_ip": null,
            "association_id": "",
            "carrier_ip": "",
            "customer_owned_ip": "",
            "customer_owned_ipv4_pool": "",
            "domain": "vpc",
            "id": "eipalloc-03953347dc1ba0041",
            "instance": "",
            "network_border_group": "us-east-2",
            "network_interface": "",
            "private_dns": null,
            "private_ip": "",
            "public_dns": "ec2-18-219-138-69.us-east-2.compute.amazonaws.com",
            "public_ip": "18.219.138.69",
            "public_ipv4_pool": "amazon",
            "tags": {
              "Module": ".",
              "Name": "terraform-aws-vpc-public-private",
              "Network": "NAT",
              "Workspace": "default"
            },
            "tags_all": {
              "Module": ".",
              "Name": "terraform-aws-vpc-public-private",
              "Network": "NAT",
              "Workspace": "default"
            },
            "timeouts": null,
            "vpc": true
          },
          "sensitive_attributes": [],
          "private": "eyJlMmJmYjczMC1lY2FhLTExZTYtOGY4OC0zNDM2M2JjN2M0YzAiOnsiZGVsZXRlIjoxODAwMDAwMDAwMDAsInJlYWQiOjkwMDAwMDAwMDAwMCwidXBkYXRlIjozMDAwMDAwMDAwMDB9fQ==",
          "create_before_destroy": true
        }
      ]
    },
    {
      "mode": "managed",
      "type": "aws_flow_log",
      "name": "this",
      "provider": "provider[\"registry.terraform.io/hashicorp/aws\"]",
      "instances": [
        {
          "index_key": 0,
          "schema_version": 0,
          "attributes": {
            "arn": "arn:aws:ec2:us-east-2:440766640997:vpc-flow-log/fl-0abdbf738a5dbe4b0",
            "eni_id": null,
            "iam_role_arn": "arn:aws:iam::440766640997:role/terraform-aws-vpc-public-private-flow-log-8e",
            "id": "fl-0abdbf738a5dbe4b0",
            "log_destination": "arn:aws:logs:us-east-2:440766640997:log-group:terraform-aws-vpc-public-private-flow-log-8e",
            "log_destination_type": "cloud-watch-logs",
            "log_format": "${version} ${account-id} ${interface-id} ${srcaddr} ${dstaddr} ${srcport} ${dstport} ${protocol} ${packets} ${bytes} ${start} ${end} ${action} ${log-status}",
            "log_group_name": "terraform-aws-vpc-public-private-flow-log-8e",
            "max_aggregation_interval": 600,
            "subnet_id": null,
            "tags": null,
            "tags_all": {},
            "traffic_type": "ALL",
            "vpc_id": "vpc-01c49cf9c1043c4cf"
          },
          "sensitive_attributes": [],
          "private": "bnVsbA==",
          "dependencies": [
            "aws_cloudwatch_log_group.this",
            "aws_iam_role.this",
            "aws_s3_bucket.this",
            "aws_vpc.this",
            "data.aws_iam_policy_document.role",
            "random_id.this"
          ],
          "create_before_destroy": true
        }
      ]
    },
    {
      "mode": "managed",
      "type": "aws_iam_role",
      "name": "this",
      "provider": "provider[\"registry.terraform.io/hashicorp/aws\"]",
      "instances": [
        {
          "index_key": 0,
          "schema_version": 0,
          "attributes": {
            "arn": "arn:aws:iam::440766640997:role/terraform-aws-vpc-public-private-flow-log-8e",
            "assume_role_policy": "{\"Version\":\"2012-10-17\",\"Statement\":[{\"Sid\":\"\",\"Effect\":\"Allow\",\"Principal\":{\"Service\":\"vpc-flow-logs.amazonaws.com\"},\"Action\":\"sts:AssumeRole\"}]}",
            "create_date": "2021-05-13T16:37:38Z",
            "description": "",
            "force_detach_policies": true,
            "id": "terraform-aws-vpc-public-private-flow-log-8e",
            "inline_policy": [
              {
                "name": "",
                "policy": ""
              }
            ],
            "managed_policy_arns": [],
            "max_session_duration": 3600,
            "name": "terraform-aws-vpc-public-private-flow-log-8e",
            "name_prefix": null,
            "path": "/",
            "permissions_boundary": null,
            "tags": {
              "Module": ".",
              "Name": "terraform-aws-vpc-public-private",
              "Workspace": "default"
            },
            "tags_all": {
              "Module": ".",
              "Name": "terraform-aws-vpc-public-private",
              "Workspace": "default"
            },
            "unique_id": "AROAWNH55GNSUFXSOADPT"
          },
          "sensitive_attributes": [],
          "private": "bnVsbA==",
          "dependencies": [
            "data.aws_iam_policy_document.role",
            "random_id.this"
          ],
          "create_before_destroy": true
        }
      ]
    },
    {
      "mode": "managed",
      "type": "aws_iam_role_policy",
      "name": "this",
      "provider": "provider[\"registry.terraform.io/hashicorp/aws\"]",
      "instances": [
        {
          "index_key": 0,
          "schema_version": 0,
          "attributes": {
            "id": "terraform-aws-vpc-public-private-flow-log-8e:terraform-aws-vpc-public-private-flow-log-8e",
            "name": "terraform-aws-vpc-public-private-flow-log-8e",
            "name_prefix": null,
            "policy": "{\n  \"Version\": \"2012-10-17\",\n  \"Statement\": [\n    {\n      \"Sid\": \"\",\n      \"Effect\": \"Allow\",\n      \"Action\": [\n        \"logs:PutLogEvents\",\n        \"logs:DescribeLogStreams\",\n        \"logs:DescribeLogGroups\",\n        \"logs:CreateLogStream\",\n        \"logs:CreateLogGroup\"\n      ],\n      \"Resource\": \"*\"\n    }\n  ]\n}",
            "role": "terraform-aws-vpc-public-private-flow-log-8e"
          },
          "sensitive_attributes": [],
          "private": "bnVsbA==",
          "dependencies": [
            "aws_iam_role.this",
            "data.aws_iam_policy_document.role",
            "data.aws_iam_policy_document.role_policy_cloudwatch",
            "random_id.this"
          ],
          "create_before_destroy": true
        }
      ]
    },
    {
      "mode": "managed",
      "type": "aws_internet_gateway",
      "name": "this",
      "provider": "provider[\"registry.terraform.io/hashicorp/aws\"]",
      "instances": [
        {
          "index_key": 0,
          "schema_version": 0,
          "attributes": {
            "arn": "arn:aws:ec2:us-east-2:440766640997:internet-gateway/igw-0763e76c5ca3d204e",
            "id": "igw-0763e76c5ca3d204e",
            "owner_id": "440766640997",
            "tags": {
              "Module": ".",
              "Name": "terraform-aws-vpc-public-private",
              "Workspace": "default"
            },
            "tags_all": {
              "Module": ".",
              "Name": "terraform-aws-vpc-public-private",
              "Workspace": "default"
            },
            "vpc_id": "vpc-01c49cf9c1043c4cf"
          },
          "sensitive_attributes": [],
          "private": "bnVsbA==",
          "dependencies": [
            "aws_vpc.this"
          ],
          "create_before_destroy": true
        }
      ]
    },
    {
      "mode": "managed",
      "type": "aws_nat_gateway",
      "name": "nat",
      "provider": "provider[\"registry.terraform.io/hashicorp/aws\"]",
      "instances": [
        {
          "index_key": 0,
          "schema_version": 0,
          "attributes": {
            "allocation_id": "eipalloc-03953347dc1ba0041",
            "id": "nat-074ff54111c35589b",
            "network_interface_id": "eni-065c006e00cf4ca7a",
            "private_ip": "10.0.2.186",
            "public_ip": "18.219.138.69",
            "subnet_id": "subnet-09c0d9aaf94677d6e",
            "tags": {
              "Module": ".",
              "Name": "terraform-aws-vpc-public-private",
              "Workspace": "default"
            },
            "tags_all": {
              "Module": ".",
              "Name": "terraform-aws-vpc-public-private",
              "Workspace": "default"
            }
          },
          "sensitive_attributes": [],
          "private": "bnVsbA==",
          "dependencies": [
            "aws_eip.nat",
            "aws_subnet.public",
            "aws_vpc.this"
          ],
          "create_before_destroy": true
        }
      ]
    },
    {
      "mode": "managed",
      "type": "aws_route",
      "name": "private",
      "provider": "provider[\"registry.terraform.io/hashicorp/aws\"]",
      "instances": [
        {
          "index_key": 0,
          "schema_version": 0,
          "attributes": {
            "carrier_gateway_id": "",
            "destination_cidr_block": "0.0.0.0/0",
            "destination_ipv6_cidr_block": "",
            "destination_prefix_list_id": "",
            "egress_only_gateway_id": "",
            "gateway_id": "",
            "id": "r-rtb-00e2184370f498d911080289494",
            "instance_id": "",
            "instance_owner_id": "",
            "local_gateway_id": "",
            "nat_gateway_id": "nat-074ff54111c35589b",
            "network_interface_id": "",
            "origin": "CreateRoute",
            "route_table_id": "rtb-00e2184370f498d91",
            "state": "active",
            "timeouts": null,
            "transit_gateway_id": "",
            "vpc_endpoint_id": "",
            "vpc_peering_connection_id": ""
          },
          "sensitive_attributes": [],
          "private": "eyJlMmJmYjczMC1lY2FhLTExZTYtOGY4OC0zNDM2M2JjN2M0YzAiOnsiY3JlYXRlIjoxMjAwMDAwMDAwMDAsImRlbGV0ZSI6MzAwMDAwMDAwMDAwfX0=",
          "dependencies": [
            "aws_eip.nat",
            "aws_nat_gateway.nat",
            "aws_route_table.private",
            "aws_subnet.public",
            "aws_vpc.this"
          ],
          "create_before_destroy": true
        }
      ]
    },
    {
      "mode": "managed",
      "type": "aws_route",
      "name": "public",
      "provider": "provider[\"registry.terraform.io/hashicorp/aws\"]",
      "instances": [
        {
          "index_key": 0,
          "schema_version": 0,
          "attributes": {
            "carrier_gateway_id": "",
            "destination_cidr_block": "0.0.0.0/0",
            "destination_ipv6_cidr_block": "",
            "destination_prefix_list_id": "",
            "egress_only_gateway_id": "",
            "gateway_id": "igw-0763e76c5ca3d204e",
            "id": "r-rtb-034b0bbcea6acc7641080289494",
            "instance_id": "",
            "instance_owner_id": "",
            "local_gateway_id": "",
            "nat_gateway_id": "",
            "network_interface_id": "",
            "origin": "CreateRoute",
            "route_table_id": "rtb-034b0bbcea6acc764",
            "state": "active",
            "timeouts": null,
            "transit_gateway_id": "",
            "vpc_endpoint_id": "",
            "vpc_peering_connection_id": ""
          },
          "sensitive_attributes": [],
          "private": "eyJlMmJmYjczMC1lY2FhLTExZTYtOGY4OC0zNDM2M2JjN2M0YzAiOnsiY3JlYXRlIjoxMjAwMDAwMDAwMDAsImRlbGV0ZSI6MzAwMDAwMDAwMDAwfX0=",
          "dependencies": [
            "aws_internet_gateway.this",
            "aws_route_table.public",
            "aws_vpc.this"
          ],
          "create_before_destroy": true
        }
      ]
    },
    {
      "mode": "managed",
      "type": "aws_route_table",
      "name": "private",
      "provider": "provider[\"registry.terraform.io/hashicorp/aws\"]",
      "instances": [
        {
          "index_key": 0,
          "schema_version": 0,
          "attributes": {
            "arn": "arn:aws:ec2:us-east-2:440766640997:route-table/rtb-00e2184370f498d91",
            "id": "rtb-00e2184370f498d91",
            "owner_id": "440766640997",
            "propagating_vgws": [],
            "route": [],
            "tags": {
              "Module": ".",
              "Name": "terraform-aws-vpc-public-private",
              "SubnetType": "private",
              "Workspace": "default"
            },
            "tags_all": {
              "Module": ".",
              "Name": "terraform-aws-vpc-public-private",
              "SubnetType": "private",
              "Workspace": "default"
            },
            "vpc_id": "vpc-01c49cf9c1043c4cf"
          },
          "sensitive_attributes": [],
          "private": "bnVsbA==",
          "dependencies": [
            "aws_vpc.this"
          ],
          "create_before_destroy": true
        }
      ]
    },
    {
      "mode": "managed",
      "type": "aws_route_table",
      "name": "public",
      "provider": "provider[\"registry.terraform.io/hashicorp/aws\"]",
      "instances": [
        {
          "index_key": 0,
          "schema_version": 0,
          "attributes": {
            "arn": "arn:aws:ec2:us-east-2:440766640997:route-table/rtb-034b0bbcea6acc764",
            "id": "rtb-034b0bbcea6acc764",
            "owner_id": "440766640997",
            "propagating_vgws": [],
            "route": [],
            "tags": {
              "Module": ".",
              "Name": "terraform-aws-vpc-public-private",
              "SubnetType": "public",
              "Workspace": "default"
            },
            "tags_all": {
              "Module": ".",
              "Name": "terraform-aws-vpc-public-private",
              "SubnetType": "public",
              "Workspace": "default"
            },
            "vpc_id": "vpc-01c49cf9c1043c4cf"
          },
          "sensitive_attributes": [],
          "private": "bnVsbA==",
          "dependencies": [
            "aws_vpc.this"
          ],
          "create_before_destroy": true
        }
      ]
    },
    {
      "mode": "managed",
      "type": "aws_route_table_association",
      "name": "private",
      "provider": "provider[\"registry.terraform.io/hashicorp/aws\"]",
      "instances": [
        {
          "index_key": 0,
          "schema_version": 0,
          "attributes": {
            "gateway_id": null,
            "id": "rtbassoc-05d997e146c77bb96",
            "route_table_id": "rtb-00e2184370f498d91",
            "subnet_id": "subnet-034b44b954fde4e00"
          },
          "sensitive_attributes": [],
          "private": "bnVsbA==",
          "dependencies": [
            "aws_route_table.private",
            "aws_subnet.private",
            "aws_vpc.this",
            "data.aws_availability_zones.this"
          ],
          "create_before_destroy": true
        },
        {
          "index_key": 1,
          "schema_version": 0,
          "attributes": {
            "gateway_id": null,
            "id": "rtbassoc-082ebf846389b0104",
            "route_table_id": "rtb-00e2184370f498d91",
            "subnet_id": "subnet-081a3f32a5c75d646"
          },
          "sensitive_attributes": [],
          "private": "bnVsbA==",
          "dependencies": [
            "aws_route_table.private",
            "aws_subnet.private",
            "aws_vpc.this",
            "data.aws_availability_zones.this"
          ],
          "create_before_destroy": true
        }
      ]
    },
    {
      "mode": "managed",
      "type": "aws_route_table_association",
      "name": "public",
      "provider": "provider[\"registry.terraform.io/hashicorp/aws\"]",
      "instances": [
        {
          "index_key": 0,
          "schema_version": 0,
          "attributes": {
            "gateway_id": null,
            "id": "rtbassoc-0c569c93f57aa374e",
            "route_table_id": "rtb-034b0bbcea6acc764",
            "subnet_id": "subnet-09c0d9aaf94677d6e"
          },
          "sensitive_attributes": [],
          "private": "bnVsbA==",
          "dependencies": [
            "aws_route_table.public",
            "aws_subnet.public",
            "aws_vpc.this"
          ],
          "create_before_destroy": true
        },
        {
          "index_key": 1,
          "schema_version": 0,
          "attributes": {
            "gateway_id": null,
            "id": "rtbassoc-0b5167f0c7f4c68d0",
            "route_table_id": "rtb-034b0bbcea6acc764",
            "subnet_id": "subnet-02b54f26f69a89600"
          },
          "sensitive_attributes": [],
          "private": "bnVsbA==",
          "dependencies": [
            "aws_route_table.public",
            "aws_subnet.public",
            "aws_vpc.this"
          ],
          "create_before_destroy": true
        }
      ]
    },
    {
      "mode": "managed",
      "type": "aws_subnet",
      "name": "private",
      "provider": "provider[\"registry.terraform.io/hashicorp/aws\"]",
      "instances": [
        {
          "index_key": 0,
          "schema_version": 1,
          "attributes": {
            "arn": "arn:aws:ec2:us-east-2:440766640997:subnet/subnet-034b44b954fde4e00",
            "assign_ipv6_address_on_creation": false,
            "availability_zone": "us-east-2a",
            "availability_zone_id": "use2-az1",
            "cidr_block": "10.0.32.0/20",
            "customer_owned_ipv4_pool": "",
            "id": "subnet-034b44b954fde4e00",
            "ipv6_cidr_block": "",
            "ipv6_cidr_block_association_id": "",
            "map_customer_owned_ip_on_launch": false,
            "map_public_ip_on_launch": false,
            "outpost_arn": "",
            "owner_id": "440766640997",
            "tags": {
              "Module": ".",
              "Name": "terraform-aws-vpc-public-private",
              "Network": "NAT",
              "SubnetType": "private",
              "Workspace": "default"
            },
            "tags_all": {
              "Module": ".",
              "Name": "terraform-aws-vpc-public-private",
              "Network": "NAT",
              "SubnetType": "private",
              "Workspace": "default"
            },
            "timeouts": null,
            "vpc_id": "vpc-01c49cf9c1043c4cf"
          },
          "sensitive_attributes": [],
          "private": "eyJlMmJmYjczMC1lY2FhLTExZTYtOGY4OC0zNDM2M2JjN2M0YzAiOnsiY3JlYXRlIjo2MDAwMDAwMDAwMDAsImRlbGV0ZSI6MTIwMDAwMDAwMDAwMH0sInNjaGVtYV92ZXJzaW9uIjoiMSJ9",
          "dependencies": [
            "aws_vpc.this",
            "data.aws_availability_zones.this"
          ],
          "create_before_destroy": true
        },
        {
          "index_key": 1,
          "schema_version": 1,
          "attributes": {
            "arn": "arn:aws:ec2:us-east-2:440766640997:subnet/subnet-081a3f32a5c75d646",
            "assign_ipv6_address_on_creation": false,
            "availability_zone": "us-east-2b",
            "availability_zone_id": "use2-az2",
            "cidr_block": "10.0.48.0/20",
            "customer_owned_ipv4_pool": "",
            "id": "subnet-081a3f32a5c75d646",
            "ipv6_cidr_block": "",
            "ipv6_cidr_block_association_id": "",
            "map_customer_owned_ip_on_launch": false,
            "map_public_ip_on_launch": false,
            "outpost_arn": "",
            "owner_id": "440766640997",
            "tags": {
              "Module": ".",
              "Name": "terraform-aws-vpc-public-private",
              "Network": "NAT",
              "SubnetType": "private",
              "Workspace": "default"
            },
            "tags_all": {
              "Module": ".",
              "Name": "terraform-aws-vpc-public-private",
              "Network": "NAT",
              "SubnetType": "private",
              "Workspace": "default"
            },
            "timeouts": null,
            "vpc_id": "vpc-01c49cf9c1043c4cf"
          },
          "sensitive_attributes": [],
          "private": "eyJlMmJmYjczMC1lY2FhLTExZTYtOGY4OC0zNDM2M2JjN2M0YzAiOnsiY3JlYXRlIjo2MDAwMDAwMDAwMDAsImRlbGV0ZSI6MTIwMDAwMDAwMDAwMH0sInNjaGVtYV92ZXJzaW9uIjoiMSJ9",
          "dependencies": [
            "aws_vpc.this",
            "data.aws_availability_zones.this"
          ],
          "create_before_destroy": true
        }
      ]
    },
    {
      "mode": "managed",
      "type": "aws_subnet",
      "name": "public",
      "provider": "provider[\"registry.terraform.io/hashicorp/aws\"]",
      "instances": [
        {
          "index_key": 0,
          "schema_version": 1,
          "attributes": {
            "arn": "arn:aws:ec2:us-east-2:440766640997:subnet/subnet-09c0d9aaf94677d6e",
            "assign_ipv6_address_on_creation": false,
            "availability_zone": "us-east-2a",
            "availability_zone_id": "use2-az1",
            "cidr_block": "10.0.0.0/20",
            "customer_owned_ipv4_pool": "",
            "id": "subnet-09c0d9aaf94677d6e",
            "ipv6_cidr_block": "",
            "ipv6_cidr_block_association_id": "",
            "map_customer_owned_ip_on_launch": false,
            "map_public_ip_on_launch": true,
            "outpost_arn": "",
            "owner_id": "440766640997",
            "tags": {
              "Module": ".",
              "Name": "terraform-aws-vpc-public-private",
              "SubnetType": "public",
              "Workspace": "default"
            },
            "tags_all": {
              "Module": ".",
              "Name": "terraform-aws-vpc-public-private",
              "SubnetType": "public",
              "Workspace": "default"
            },
            "timeouts": null,
            "vpc_id": "vpc-01c49cf9c1043c4cf"
          },
          "sensitive_attributes": [],
          "private": "eyJlMmJmYjczMC1lY2FhLTExZTYtOGY4OC0zNDM2M2JjN2M0YzAiOnsiY3JlYXRlIjo2MDAwMDAwMDAwMDAsImRlbGV0ZSI6MTIwMDAwMDAwMDAwMH0sInNjaGVtYV92ZXJzaW9uIjoiMSJ9",
          "dependencies": [
            "aws_vpc.this"
          ],
          "create_before_destroy": true
        },
        {
          "index_key": 1,
          "schema_version": 1,
          "attributes": {
            "arn": "arn:aws:ec2:us-east-2:440766640997:subnet/subnet-02b54f26f69a89600",
            "assign_ipv6_address_on_creation": false,
            "availability_zone": "us-east-2b",
            "availability_zone_id": "use2-az2",
            "cidr_block": "10.0.16.0/20",
            "customer_owned_ipv4_pool": "",
            "id": "subnet-02b54f26f69a89600",
            "ipv6_cidr_block": "",
            "ipv6_cidr_block_association_id": "",
            "map_customer_owned_ip_on_launch": false,
            "map_public_ip_on_launch": true,
            "outpost_arn": "",
            "owner_id": "440766640997",
            "tags": {
              "Module": ".",
              "Name": "terraform-aws-vpc-public-private",
              "SubnetType": "public",
              "Workspace": "default"
            },
            "tags_all": {
              "Module": ".",
              "Name": "terraform-aws-vpc-public-private",
              "SubnetType": "public",
              "Workspace": "default"
            },
            "timeouts": null,
            "vpc_id": "vpc-01c49cf9c1043c4cf"
          },
          "sensitive_attributes": [],
          "private": "eyJlMmJmYjczMC1lY2FhLTExZTYtOGY4OC0zNDM2M2JjN2M0YzAiOnsiY3JlYXRlIjo2MDAwMDAwMDAwMDAsImRlbGV0ZSI6MTIwMDAwMDAwMDAwMH0sInNjaGVtYV92ZXJzaW9uIjoiMSJ9",
          "dependencies": [
            "aws_vpc.this"
          ],
          "create_before_destroy": true
        }
      ]
    },
    {
      "mode": "managed",
      "type": "aws_vpc",
      "name": "this",
      "provider": "provider[\"registry.terraform.io/hashicorp/aws\"]",
      "instances": [
        {
          "index_key": 0,
          "schema_version": 1,
          "attributes": {
            "arn": "arn:aws:ec2:us-east-2:440766640997:vpc/vpc-01c49cf9c1043c4cf",
            "assign_generated_ipv6_cidr_block": false,
            "cidr_block": "10.0.0.0/16",
            "default_network_acl_id": "acl-0eeaef81748ebfb0e",
            "default_route_table_id": "rtb-03e2941777df5c914",
            "default_security_group_id": "sg-005204361109c6a11",
            "dhcp_options_id": "dopt-b1f395da",
            "enable_classiclink": null,
            "enable_classiclink_dns_support": null,
            "enable_dns_hostnames": true,
            "enable_dns_support": true,
            "id": "vpc-01c49cf9c1043c4cf",
            "instance_tenancy": "default",
            "ipv6_association_id": "",
            "ipv6_cidr_block": "",
            "main_route_table_id": "rtb-03e2941777df5c914",
            "owner_id": "440766640997",
            "tags": {
              "Module": ".",
              "Name": "terraform-aws-vpc-public-private",
              "Workspace": "default"
            },
            "tags_all": {
              "Module": ".",
              "Name": "terraform-aws-vpc-public-private",
              "Workspace": "default"
            }
          },
          "sensitive_attributes": [],
          "private": "eyJzY2hlbWFfdmVyc2lvbiI6IjEifQ==",
          "create_before_destroy": true
        }
      ]
    },
    {
      "mode": "managed",
      "type": "random_id",
      "name": "this",
      "provider": "provider[\"registry.terraform.io/hashicorp/random\"]",
      "instances": [
        {
          "schema_version": 0,
          "attributes": {
            "b64_std": "jg==",
            "b64_url": "jg",
            "byte_length": 1,
            "dec": "142",
            "hex": "8e",
            "id": "jg",
            "keepers": {
              "cidr_block": "10.0.0.0/16"
            },
            "prefix": null
          },
          "sensitive_attributes": [],
          "private": "bnVsbA==",
          "create_before_destroy": true
        }
      ]
    }
  ]
}
